
Microsoft Visual Studio Solution File, Format Version 12.00
# Visual Studio 2012
Project("{FAE04EC0-301F-11D3-BF4B-00C04F79EFBC}") = "MyClient", "MyClient\MyClient.csproj", "{B149C0D2-004C-423F-A8C7-F6ED3C03753F}"
EndProject
Global
	GlobalSection(SolutionConfigurationPlatforms) = preSolution
		Debug|Any CPU = Debug|Any CPU
		Release|Any CPU = Release|Any CPU
	EndGlobalSection
	GlobalSection(ProjectConfigurationPlatforms) = postSolution
		{B149C0D2-004C-423F-A8C7-F6ED3C03753F}.Debug|Any CPU.ActiveCfg = Debug|Any CPU
		{B149C0D2-004C-423F-A8C7-F6ED3C03753F}.Debug|Any CPU.Build.0 = Debug|Any CPU
		{B149C0D2-004C-423F-A8C7-F6ED3C03753F}.Release|Any CPU.ActiveCfg = Release|Any CPU
		{B149C0D2-004C-423F-A8C7-F6ED3C03753F}.Release|Any CPU.Build.0 = Release|Any CPU
	EndGlobalSection
	GlobalSection(SolutionProperties) = preSolution
		HideSolutionNode = FALSE
	EndGlobalSection
	GlobalSection(ExtensibilityGlobals) = postSolution
		SolutionGuid = {AD8EB679-5289-4993-B60E-35BD0B6F5B7B}
	EndGlobalSection
EndGlobal
